
Microsoft Visual Studio Solution File, Format Version 12.00
# Visual Studio 15
VisualStudioVersion = 15.0.27130.2020
MinimumVisualStudioVersion = 10.0.40219.1
Project("{FAE04EC0-301F-11D3-BF4B-00C04F79EFBC}") = "csharp-rabbitmq-mongo", "csharp-rabbitmq-mongo\csharp-rabbitmq-mongo.csproj", "{DCEAAA05-3CAB-4467-A740-E972D19991CE}"
EndProject
Global
	GlobalSection(SolutionConfigurationPlatforms) = preSolution
		Debug|Any CPU = Debug|Any CPU
		Release|Any CPU = Release|Any CPU
	EndGlobalSection
	GlobalSection(ProjectConfigurationPlatforms) = postSolution
		{DCEAAA05-3CAB-4467-A740-E972D19991CE}.Debug|Any CPU.ActiveCfg = Debug|Any CPU
		{DCEAAA05-3CAB-4467-A740-E972D19991CE}.Debug|Any CPU.Build.0 = Debug|Any CPU
		{DCEAAA05-3CAB-4467-A740-E972D19991CE}.Release|Any CPU.ActiveCfg = Release|Any CPU
		{DCEAAA05-3CAB-4467-A740-E972D19991CE}.Release|Any CPU.Build.0 = Release|Any CPU
	EndGlobalSection
	GlobalSection(SolutionProperties) = preSolution
		HideSolutionNode = FALSE
	EndGlobalSection
	GlobalSection(ExtensibilityGlobals) = postSolution
		SolutionGuid = {2B384132-6A75-4831-B087-E8CD3F29F8DD}
	EndGlobalSection
EndGlobal
